
Microsoft Visual Studio Solution File, Format Version 12.00
# Visual Studio Version 17
VisualStudioVersion = 17.14.37516.0
MinimumVisualStudioVersion = 10.0.40219.1
Project("{8BC9CEB8-8B4A-11D0-8D11-00A0C91BC942}") = "4pp-task", "4pp-task.vcxproj", "{99505D35-1464-6F9F-65BA-81F7A76C81AB}"
EndProject
Global
	GlobalSection(SolutionConfigurationPlatforms) = preSolution
		Debug|Win32 = Debug|Win32
		Debug|x64 = Debug|x64
		Debug|x86 = Debug|x86
		Release|Win32 = Release|Win32
		Release|x64 = Release|x64
		Release|x86 = Release|x86
	EndGlobalSection
	GlobalSection(ProjectConfigurationPlatforms) = postSolution
		{99505D35-1464-6F9F-65BA-81F7A76C81AB}.Debug|Win32.ActiveCfg = Debug|Win32
		{99505D35-1464-6F9F-65BA-81F7A76C81AB}.Debug|Win32.Build.0 = Debug|Win32
		{99505D35-1464-6F9F-65BA-81F7A76C81AB}.Debug|x64.ActiveCfg = Debug|Win32
		{99505D35-1464-6F9F-65BA-81F7A76C81AB}.Debug|x64.Build.0 = Debug|Win32
		{99505D35-1464-6F9F-65BA-81F7A76C81AB}.Debug|x86.ActiveCfg = Debug|Win32
		{99505D35-1464-6F9F-65BA-81F7A76C81AB}.Debug|x86.Build.0 = Debug|Win32
		{99505D35-1464-6F9F-65BA-81F7A76C81AB}.Release|Win32.ActiveCfg = Release|Win32
		{99505D35-1464-6F9F-65BA-81F7A76C81AB}.Release|Win32.Build.0 = Release|Win32
		{99505D35-1464-6F9F-65BA-81F7A76C81AB}.Release|x64.ActiveCfg = Release|x64
		{99505D35-1464-6F9F-65BA-81F7A76C81AB}.Release|x64.Build.0 = Release|x64
		{99505D35-1464-6F9F-65BA-81F7A76C81AB}.Release|x86.ActiveCfg = Release|Win32
		{99505D35-1464-6F9F-65BA-81F7A76C81AB}.Release|x86.Build.0 = Release|Win32
	EndGlobalSection
	GlobalSection(SolutionProperties) = preSolution
		HideSolutionNode = FALSE
	EndGlobalSection
	GlobalSection(ExtensibilityGlobals) = postSolution
		SolutionGuid = {E8AACF73-9D66-4229-8AE3-8C7B0DBE94FC}
	EndGlobalSection
EndGlobal
